{
  "name": "mulenet",
  "lockfileVersion": 3,
  "requires": true,
  "packages": {
    "": {
      "name": "mulenet",
      "workspaces": [
        "packages/core",
        "sim"
      ]
    },
    "node_modules/@mulenet/core": {
      "resolved": "packages/core",
      "link": true
    },
    "node_modules/@noble/ciphers": {
      "version": "2.4.0",
      "resolved": "https://registry.npmjs.org/@noble/ciphers/-/ciphers-2.4.0.tgz",
      "integrity": "sha512-AnjFn0Jv92laAkvMrghlFZq4qQCIN/4DxFV/eooqtC2YTjB7kBeLMS2T9KJX4Dn+ZVXLOwK0lSgqDtx9gvxtiw==",
      "license": "MIT",
      "engines": {
        "node": ">= 20.19.0"
      },
      "funding": {
        "url": "https://paulmillr.com/funding/"
      }
    },
    "node_modules/@noble/curves": {
      "version": "2.4.0",
      "resolved": "https://registry.npmjs.org/@noble/curves/-/curves-2.4.0.tgz",
      "integrity": "sha512-P4/62zrgfH33CneE3Dn4WhJVA22YUU0eR51wKIan4NVRvwsA0YnPTwWGpNbpuacSujmSFLvyzpyuR30+fbq2Ew==",
      "license": "MIT",
      "dependencies": {
        "@noble/hashes": "2.4.0"
      },
      "engines": {
        "node": ">= 20.19.0"
      },
      "funding": {
        "url": "https://paulmillr.com/funding/"
      }
    },
    "node_modules/@noble/hashes": {
      "version": "2.4.0",
      "resolved": "https://registry.npmjs.org/@noble/hashes/-/hashes-2.4.0.tgz",
      "integrity": "sha512-X5XaVWZIBCT7HHZGm5I7ZQXDwLG+bGXuSrMQAW+7Zvl87h1kmc1ZB1VSRJcpUfoUrGQp4Fkoxm5kZ+Ms+aW+eA==",
      "license": "MIT",
      "engines": {
        "node": ">= 20.19.0"
      },
      "funding": {
        "url": "https://paulmillr.com/funding/"
      }
    },
    "packages/core": {
      "name": "@mulenet/core",
      "version": "0.1.0",
      "license": "(MIT OR Apache-2.0)",
      "dependencies": {
        "@noble/ciphers": "^2.3.0",
        "@noble/curves": "^2.3.0",
        "@noble/hashes": "^2.3.0"
      }
    }
  }
}
